// !$*UTF8*$!
{
	archiveVersion = 1;
	classes = {
	};
	objectVersion = 46;
	objects = {

/* Begin PBXBuildFile section */
		1D0ECDC31928327D00DA13A4 /* Message.m in Sources */ = {isa = PBXBuildFile; fileRef = 1D0ECDC01928327D00DA13A4 /* Message.m */; };
		1D0ECDC41928327D00DA13A4 /* User.m in Sources */ = {isa = PBXBuildFile; fileRef = 1D0ECDC21928327D00DA13A4 /* User.m */; };
		1D0ECDC6192833DF00DA13A4 /* Storyboard.storyboard in Resources */ = {isa = PBXBuildFile; fileRef = 1D0ECDC5192833DF00DA13A4 /* Storyboard.storyboard */; };
		1D33C87F192B2D4100A187C4 /* Constants.m in Sources */ = {isa = PBXBuildFile; fileRef = 1D33C87E192B2D4100A187C4 /* Constants.m */; };
		1D376677192D574E0063EB9E /* SettingsViewController.m in Sources */ = {isa = PBXBuildFile; fileRef = 1D376676192D574E0063EB9E /* SettingsViewController.m */; };
		1DB2E74C192C76D0004BE0DB /* MPTextView.m in Sources */ = {isa = PBXBuildFile; fileRef = 1DB2E74B192C76D0004BE0DB /* MPTextView.m */; };
		1DB2E7A0192C8A71004BE0DB /* Default-568h@2x.png in Resources */ = {isa = PBXBuildFile; fileRef = 1DB2E794192C8A70004BE0DB /* Default-568h@2x.png */; };
		1DB2E7A1192C8A71004BE0DB /* Default.png in Resources */ = {isa = PBXBuildFile; fileRef = 1DB2E795192C8A70004BE0DB /* Default.png */; };
		1DB2E7A2192C8A71004BE0DB /* Default@2x.png in Resources */ = {isa = PBXBuildFile; fileRef = 1DB2E796192C8A70004BE0DB /* Default@2x.png */; };
		1DB2E7A3192C8A71004BE0DB /* InfoPlist.strings in Resources */ = {isa = PBXBuildFile; fileRef = 1DB2E798192C8A70004BE0DB /* InfoPlist.strings */; };
		1DB2E7A4192C8A71004BE0DB /* Icon.png in Resources */ = {isa = PBXBuildFile; fileRef = 1DB2E79A192C8A70004BE0DB /* Icon.png */; };
		1DB2E7A5192C8A71004BE0DB /* Icon@2x.png in Resources */ = {isa = PBXBuildFile; fileRef = 1DB2E79B192C8A70004BE0DB /* Icon@2x.png */; };
		1DB2E7A6192C8A71004BE0DB /* login-button-small-pressed.png in Resources */ = {isa = PBXBuildFile; fileRef = 1DB2E79C192C8A70004BE0DB /* login-button-small-pressed.png */; };
		1DB2E7A7192C8A71004BE0DB /* login-button-small-pressed@2x.png in Resources */ = {isa = PBXBuildFile; fileRef = 1DB2E79D192C8A70004BE0DB /* login-button-small-pressed@2x.png */; };
		1DB2E7A8192C8A71004BE0DB /* login-button-small.png in Resources */ = {isa = PBXBuildFile; fileRef = 1DB2E79E192C8A70004BE0DB /* login-button-small.png */; };
		1DB2E7A9192C8A71004BE0DB /* login-button-small@2x.png in Resources */ = {isa = PBXBuildFile; fileRef = 1DB2E79F192C8A70004BE0DB /* login-button-small@2x.png */; };
		1DB2E7B4192C8AB0004BE0DB /* main.m in Sources */ = {isa = PBXBuildFile; fileRef = 1DB2E7AA192C8AB0004BE0DB /* main.m */; };
		1DB2E7B5192C8AB0004BE0DB /* Oceanic_Background_by_ka_chankitty.jpg in Resources */ = {isa = PBXBuildFile; fileRef = 1DB2E7AB192C8AB0004BE0DB /* Oceanic_Background_by_ka_chankitty.jpg */; };
		1DB2E7B6192C8AB0004BE0DB /* riesling.ttf in Resources */ = {isa = PBXBuildFile; fileRef = 1DB2E7AC192C8AB0004BE0DB /* riesling.ttf */; };
		1DB2E7B7192C8AB0004BE0DB /* speakEasy-Info.plist in Resources */ = {isa = PBXBuildFile; fileRef = 1DB2E7AD192C8AB0004BE0DB /* speakEasy-Info.plist */; };
		1DB2E7B8192C8AB0004BE0DB /* TableHeaderView.xib in Resources */ = {isa = PBXBuildFile; fileRef = 1DB2E7AF192C8AB0004BE0DB /* TableHeaderView.xib */; };
		1DB2E7B9192C8AB0004BE0DB /* userData.plist in Resources */ = {isa = PBXBuildFile; fileRef = 1DB2E7B0192C8AB0004BE0DB /* userData.plist */; };
		1DB2E7BA192C8AB0004BE0DB /* UserDetailsViewController.m in Sources */ = {isa = PBXBuildFile; fileRef = 1DB2E7B2192C8AB0004BE0DB /* UserDetailsViewController.m */; };
		1DB2E7BB192C8AB0004BE0DB /* UserDetailsViewController.xib in Resources */ = {isa = PBXBuildFile; fileRef = 1DB2E7B3192C8AB0004BE0DB /* UserDetailsViewController.xib */; };
		30C949AC1829561000B17666 /* FacebookSDK.framework in Frameworks */ = {isa = PBXBuildFile; fileRef = 30C949AB1829561000B17666 /* FacebookSDK.framework */; };
		30C949AE1829561800B17666 /* Parse.framework in Frameworks */ = {isa = PBXBuildFile; fileRef = 30C949AD1829561800B17666 /* Parse.framework */; };
		6D10F48316DD68E000690A0F /* CoreLocation.framework in Frameworks */ = {isa = PBXBuildFile; fileRef = 6D10F48216DD68E000690A0F /* CoreLocation.framework */; };
		8F188FE6192A6E210035281F /* Firebase.framework in Frameworks */ = {isa = PBXBuildFile; fileRef = 8F188FE5192A6E210035281F /* Firebase.framework */; };
		8F188FE8192A6E6F0035281F /* libicucore.dylib in Frameworks */ = {isa = PBXBuildFile; fileRef = 8F188FE7192A6E6F0035281F /* libicucore.dylib */; };
		8F188FEA192A6E780035281F /* libc++.dylib in Frameworks */ = {isa = PBXBuildFile; fileRef = 8F188FE9192A6E780035281F /* libc++.dylib */; };
		8FA4D3C7192AA2B60015F443 /* MainTableTableViewController.m in Sources */ = {isa = PBXBuildFile; fileRef = 8FA4D3C6192AA2B60015F443 /* MainTableTableViewController.m */; };
		8FB70FDB192AE75300E8E18B /* PostStatusViewController.m in Sources */ = {isa = PBXBuildFile; fileRef = 8FB70FDA192AE75300E8E18B /* PostStatusViewController.m */; };
		8FB70FDE192AEA3B00E8E18B /* MainViewController.m in Sources */ = {isa = PBXBuildFile; fileRef = 8FB70FDD192AEA3B00E8E18B /* MainViewController.m */; };
		C425016D161BBAE400474BCD /* StoreKit.framework in Frameworks */ = {isa = PBXBuildFile; fileRef = C4250169161BBAE400474BCD /* StoreKit.framework */; };
		C4250170161BBAEE00474BCD /* libz.dylib in Frameworks */ = {isa = PBXBuildFile; fileRef = C425016F161BBAEE00474BCD /* libz.dylib */; };
		D4DA79EF14D3345A0055F672 /* UIKit.framework in Frameworks */ = {isa = PBXBuildFile; fileRef = D4DA79EE14D3345A0055F672 /* UIKit.framework */; };
		D4DA79F114D3345A0055F672 /* Foundation.framework in Frameworks */ = {isa = PBXBuildFile; fileRef = D4DA79F014D3345A0055F672 /* Foundation.framework */; };
		D4DA79F314D3345A0055F672 /* CoreGraphics.framework in Frameworks */ = {isa = PBXBuildFile; fileRef = D4DA79F214D3345A0055F672 /* CoreGraphics.framework */; };
		D4DA79FF14D3345A0055F672 /* AppDelegate.m in Sources */ = {isa = PBXBuildFile; fileRef = D4DA79FE14D3345A0055F672 /* AppDelegate.m */; };
		D4DA7A0E14D334F30055F672 /* AudioToolbox.framework in Frameworks */ = {isa = PBXBuildFile; fileRef = D4DA7A0714D334F30055F672 /* AudioToolbox.framework */; };
		D4DA7A0F14D334F30055F672 /* CFNetwork.framework in Frameworks */ = {isa = PBXBuildFile; fileRef = D4DA7A0814D334F30055F672 /* CFNetwork.framework */; };
		D4DA7A1114D334F30055F672 /* MobileCoreServices.framework in Frameworks */ = {isa = PBXBuildFile; fileRef = D4DA7A0A14D334F30055F672 /* MobileCoreServices.framework */; };
		D4DA7A1214D334F30055F672 /* QuartzCore.framework in Frameworks */ = {isa = PBXBuildFile; fileRef = D4DA7A0B14D334F30055F672 /* QuartzCore.framework */; };
		D4DA7A1314D334F30055F672 /* Security.framework in Frameworks */ = {isa = PBXBuildFile; fileRef = D4DA7A0C14D334F30055F672 /* Security.framework */; };
		D4DA7A1414D334F30055F672 /* SystemConfiguration.framework in Frameworks */ = {isa = PBXBuildFile; fileRef = D4DA7A0D14D334F30055F672 /* SystemConfiguration.framework */; };
		D4DA7A7414D393DA0055F672 /* LoginViewController.m in Sources */ = {isa = PBXBuildFile; fileRef = D4DA7A7214D393DA0055F672 /* LoginViewController.m */; };
		D4DA7A7514D393DA0055F672 /* LoginViewController.xib in Resources */ = {isa = PBXBuildFile; fileRef = D4DA7A7314D393DA0055F672 /* LoginViewController.xib */; };
/* End PBXBuildFile section */

/* Begin PBXFileReference section */
		1D0ECDBF1928327D00DA13A4 /* Message.h */ = {isa = PBXFileReference; fileEncoding = 4; lastKnownFileType = sourcecode.c.h; path = Message.h; sourceTree = "<group>"; };
		1D0ECDC01928327D00DA13A4 /* Message.m */ = {isa = PBXFileReference; fileEncoding = 4; lastKnownFileType = sourcecode.c.objc; path = Message.m; sourceTree = "<group>"; };
		1D0ECDC11928327D00DA13A4 /* User.h */ = {isa = PBXFileReference; fileEncoding = 4; lastKnownFileType = sourcecode.c.h; path = User.h; sourceTree = "<group>"; };
		1D0ECDC21928327D00DA13A4 /* User.m */ = {isa = PBXFileReference; fileEncoding = 4; lastKnownFileType = sourcecode.c.objc; path = User.m; sourceTree = "<group>"; };
		1D0ECDC5192833DF00DA13A4 /* Storyboard.storyboard */ = {isa = PBXFileReference; fileEncoding = 4; lastKnownFileType = file.storyboard; path = Storyboard.storyboard; sourceTree = "<group>"; };
		1D33C87D192B2D4100A187C4 /* Constants.h */ = {isa = PBXFileReference; fileEncoding = 4; lastKnownFileType = sourcecode.c.h; path = Constants.h; sourceTree = "<group>"; };
		1D33C87E192B2D4100A187C4 /* Constants.m */ = {isa = PBXFileReference; fileEncoding = 4; lastKnownFileType = sourcecode.c.objc; path = Constants.m; sourceTree = "<group>"; };
		1D376675192D574E0063EB9E /* SettingsViewController.h */ = {isa = PBXFileReference; fileEncoding = 4; lastKnownFileType = sourcecode.c.h; path = SettingsViewController.h; sourceTree = "<group>"; };
		1D376676192D574E0063EB9E /* SettingsViewController.m */ = {isa = PBXFileReference; fileEncoding = 4; lastKnownFileType = sourcecode.c.objc; path = SettingsViewController.m; sourceTree = "<group>"; };
		1DB2E74A192C76D0004BE0DB /* MPTextView.h */ = {isa = PBXFileReference; fileEncoding = 4; lastKnownFileType = sourcecode.c.h; path = MPTextView.h; sourceTree = "<group>"; };
		1DB2E74B192C76D0004BE0DB /* MPTextView.m */ = {isa = PBXFileReference; fileEncoding = 4; lastKnownFileType = sourcecode.c.objc; path = MPTextView.m; sourceTree = "<group>"; };
		1DB2E794192C8A70004BE0DB /* Default-568h@2x.png */ = {isa = PBXFileReference; lastKnownFileType = image.png; name = "Default-568h@2x.png"; path = "IntegratingFacebookTutorial/Default-568h@2x.png"; sourceTree = "<group>"; };
		1DB2E795192C8A70004BE0DB /* Default.png */ = {isa = PBXFileReference; lastKnownFileType = image.png; name = Default.png; path = IntegratingFacebookTutorial/Default.png; sourceTree = "<group>"; };
		1DB2E796192C8A70004BE0DB /* Default@2x.png */ = {isa = PBXFileReference; lastKnownFileType = image.png; name = "Default@2x.png"; path = "IntegratingFacebookTutorial/Default@2x.png"; sourceTree = "<group>"; };
		1DB2E799192C8A70004BE0DB /* en */ = {isa = PBXFileReference; lastKnownFileType = text.plist.strings; name = en; path = InfoPlist.strings; sourceTree = "<group>"; };
		1DB2E79A192C8A70004BE0DB /* Icon.png */ = {isa = PBXFileReference; lastKnownFileType = image.png; name = Icon.png; path = IntegratingFacebookTutorial/Icon.png; sourceTree = "<group>"; };
		1DB2E79B192C8A70004BE0DB /* Icon@2x.png */ = {isa = PBXFileReference; lastKnownFileType = image.png; name = "Icon@2x.png"; path = "IntegratingFacebookTutorial/Icon@2x.png"; sourceTree = "<group>"; };
		1DB2E79C192C8A70004BE0DB /* login-button-small-pressed.png */ = {isa = PBXFileReference; lastKnownFileType = image.png; name = "login-button-small-pressed.png"; path = "IntegratingFacebookTutorial/login-button-small-pressed.png"; sourceTree = "<group>"; };
		1DB2E79D192C8A70004BE0DB /* login-button-small-pressed@2x.png */ = {isa = PBXFileReference; lastKnownFileType = image.png; name = "login-button-small-pressed@2x.png"; path = "IntegratingFacebookTutorial/login-button-small-pressed@2x.png"; sourceTree = "<group>"; };
		1DB2E79E192C8A70004BE0DB /* login-button-small.png */ = {isa = PBXFileReference; lastKnownFileType = image.png; name = "login-button-small.png"; path = "IntegratingFacebookTutorial/login-button-small.png"; sourceTree = "<group>"; };
		1DB2E79F192C8A70004BE0DB /* login-button-small@2x.png */ = {isa = PBXFileReference; lastKnownFileType = image.png; name = "login-button-small@2x.png"; path = "IntegratingFacebookTutorial/login-button-small@2x.png"; sourceTree = "<group>"; };
		1DB2E7AA192C8AB0004BE0DB /* main.m */ = {isa = PBXFileReference; fileEncoding = 4; lastKnownFileType = sourcecode.c.objc; name = main.m; path = IntegratingFacebookTutorial/main.m; sourceTree = "<group>"; };
		1DB2E7AB192C8AB0004BE0DB /* Oceanic_Background_by_ka_chankitty.jpg */ = {isa = PBXFileReference; lastKnownFileType = image.jpeg; name = Oceanic_Background_by_ka_chankitty.jpg; path = IntegratingFacebookTutorial/Oceanic_Background_by_ka_chankitty.jpg; sourceTree = "<group>"; };
		1DB2E7AC192C8AB0004BE0DB /* riesling.ttf */ = {isa = PBXFileReference; lastKnownFileType = file; name = riesling.ttf; path = IntegratingFacebookTutorial/riesling.ttf; sourceTree = "<group>"; };
		1DB2E7AD192C8AB0004BE0DB /* speakEasy-Info.plist */ = {isa = PBXFileReference; fileEncoding = 4; lastKnownFileType = text.plist.xml; name = "speakEasy-Info.plist"; path = "IntegratingFacebookTutorial/speakEasy-Info.plist"; sourceTree = "<group>"; };
		1DB2E7AE192C8AB0004BE0DB /* speakEasy-Prefix.pch */ = {isa = PBXFileReference; fileEncoding = 4; lastKnownFileType = sourcecode.c.h; name = "speakEasy-Prefix.pch"; path = "IntegratingFacebookTutorial/speakEasy-Prefix.pch"; sourceTree = "<group>"; };
		1DB2E7AF192C8AB0004BE0DB /* TableHeaderView.xib */ = {isa = PBXFileReference; fileEncoding = 4; lastKnownFileType = file.xib; name = TableHeaderView.xib; path = IntegratingFacebookTutorial/TableHeaderView.xib; sourceTree = "<group>"; };
		1DB2E7B0192C8AB0004BE0DB /* userData.plist */ = {isa = PBXFileReference; fileEncoding = 4; lastKnownFileType = text.plist.xml; name = userData.plist; path = IntegratingFacebookTutorial/userData.plist; sourceTree = "<group>"; };
		1DB2E7B1192C8AB0004BE0DB /* UserDetailsViewController.h */ = {isa = PBXFileReference; fileEncoding = 4; lastKnownFileType = sourcecode.c.h; name = UserDetailsViewController.h; path = IntegratingFacebookTutorial/UserDetailsViewController.h; sourceTree = "<group>"; };
		1DB2E7B2192C8AB0004BE0DB /* UserDetailsViewController.m */ = {isa = PBXFileReference; fileEncoding = 4; lastKnownFileType = sourcecode.c.objc; name = UserDetailsViewController.m; path = IntegratingFacebookTutorial/UserDetailsViewController.m; sourceTree = "<group>"; };
		1DB2E7B3192C8AB0004BE0DB /* UserDetailsViewController.xib */ = {isa = PBXFileReference; fileEncoding = 4; lastKnownFileType = file.xib; name = UserDetailsViewController.xib; path = IntegratingFacebookTutorial/UserDetailsViewController.xib; sourceTree = "<group>"; };
		30C949AB1829561000B17666 /* FacebookSDK.framework */ = {isa = PBXFileReference; lastKnownFileType = wrapper.framework; path = FacebookSDK.framework; sourceTree = "<group>"; };
		30C949AD1829561800B17666 /* Parse.framework */ = {isa = PBXFileReference; lastKnownFileType = wrapper.framework; path = Parse.framework; sourceTree = "<group>"; };
		6D10F48216DD68E000690A0F /* CoreLocation.framework */ = {isa = PBXFileReference; lastKnownFileType = wrapper.framework; name = CoreLocation.framework; path = System/Library/Frameworks/CoreLocation.framework; sourceTree = SDKROOT; };
		8F188FE5192A6E210035281F /* Firebase.framework */ = {isa = PBXFileReference; lastKnownFileType = wrapper.framework; path = Firebase.framework; sourceTree = "<group>"; };
		8F188FE7192A6E6F0035281F /* libicucore.dylib */ = {isa = PBXFileReference; lastKnownFileType = "compiled.mach-o.dylib"; name = libicucore.dylib; path = usr/lib/libicucore.dylib; sourceTree = SDKROOT; };
		8F188FE9192A6E780035281F /* libc++.dylib */ = {isa = PBXFileReference; lastKnownFileType = "compiled.mach-o.dylib"; name = "libc++.dylib"; path = "usr/lib/libc++.dylib"; sourceTree = SDKROOT; };
		8FA4D3C5192AA2B60015F443 /* MainTableTableViewController.h */ = {isa = PBXFileReference; fileEncoding = 4; lastKnownFileType = sourcecode.c.h; path = MainTableTableViewController.h; sourceTree = "<group>"; };
		8FA4D3C6192AA2B60015F443 /* MainTableTableViewController.m */ = {isa = PBXFileReference; fileEncoding = 4; lastKnownFileType = sourcecode.c.objc; path = MainTableTableViewController.m; sourceTree = "<group>"; };
		8FB70FD9192AE75300E8E18B /* PostStatusViewController.h */ = {isa = PBXFileReference; fileEncoding = 4; lastKnownFileType = sourcecode.c.h; path = PostStatusViewController.h; sourceTree = "<group>"; };
		8FB70FDA192AE75300E8E18B /* PostStatusViewController.m */ = {isa = PBXFileReference; fileEncoding = 4; lastKnownFileType = sourcecode.c.objc; path = PostStatusViewController.m; sourceTree = "<group>"; };
		8FB70FDC192AEA3B00E8E18B /* MainViewController.h */ = {isa = PBXFileReference; fileEncoding = 4; lastKnownFileType = sourcecode.c.h; path = MainViewController.h; sourceTree = "<group>"; };
		8FB70FDD192AEA3B00E8E18B /* MainViewController.m */ = {isa = PBXFileReference; fileEncoding = 4; lastKnownFileType = sourcecode.c.objc; path = MainViewController.m; sourceTree = "<group>"; };
		C4250169161BBAE400474BCD /* StoreKit.framework */ = {isa = PBXFileReference; lastKnownFileType = wrapper.framework; name = StoreKit.framework; path = System/Library/Frameworks/StoreKit.framework; sourceTree = SDKROOT; };
		C425016F161BBAEE00474BCD /* libz.dylib */ = {isa = PBXFileReference; lastKnownFileType = "compiled.mach-o.dylib"; name = libz.dylib; path = usr/lib/libz.dylib; sourceTree = SDKROOT; };
		D4DA79EA14D3345A0055F672 /* speakEasy.app */ = {isa = PBXFileReference; explicitFileType = wrapper.application; includeInIndex = 0; path = speakEasy.app; sourceTree = BUILT_PRODUCTS_DIR; };
		D4DA79EE14D3345A0055F672 /* UIKit.framework */ = {isa = PBXFileReference; lastKnownFileType = wrapper.framework; name = UIKit.framework; path = System/Library/Frameworks/UIKit.framework; sourceTree = SDKROOT; };
		D4DA79F014D3345A0055F672 /* Foundation.framework */ = {isa = PBXFileReference; lastKnownFileType = wrapper.framework; name = Foundation.framework; path = System/Library/Frameworks/Foundation.framework; sourceTree = SDKROOT; };
		D4DA79F214D3345A0055F672 /* CoreGraphics.framework */ = {isa = PBXFileReference; lastKnownFileType = wrapper.framework; name = CoreGraphics.framework; path = System/Library/Frameworks/CoreGraphics.framework; sourceTree = SDKROOT; };
		D4DA79FD14D3345A0055F672 /* AppDelegate.h */ = {isa = PBXFileReference; lastKnownFileType = sourcecode.c.h; name = AppDelegate.h; path = IntegratingFacebookTutorial/AppDelegate.h; sourceTree = "<group>"; };
		D4DA79FE14D3345A0055F672 /* AppDelegate.m */ = {isa = PBXFileReference; lastKnownFileType = sourcecode.c.objc; name = AppDelegate.m; path = IntegratingFacebookTutorial/AppDelegate.m; sourceTree = "<group>"; };
		D4DA7A0714D334F30055F672 /* AudioToolbox.framework */ = {isa = PBXFileReference; lastKnownFileType = wrapper.framework; name = AudioToolbox.framework; path = System/Library/Frameworks/AudioToolbox.framework; sourceTree = SDKROOT; };
		D4DA7A0814D334F30055F672 /* CFNetwork.framework */ = {isa = PBXFileReference; lastKnownFileType = wrapper.framework; name = CFNetwork.framework; path = System/Library/Frameworks/CFNetwork.framework; sourceTree = SDKROOT; };
		D4DA7A0A14D334F30055F672 /* MobileCoreServices.framework */ = {isa = PBXFileReference; lastKnownFileType = wrapper.framework; name = MobileCoreServices.framework; path = System/Library/Frameworks/MobileCoreServices.framework; sourceTree = SDKROOT; };
		D4DA7A0B14D334F30055F672 /* QuartzCore.framework */ = {isa = PBXFileReference; lastKnownFileType = wrapper.framework; name = QuartzCore.framework; path = System/Library/Frameworks/QuartzCore.framework; sourceTree = SDKROOT; };
		D4DA7A0C14D334F30055F672 /* Security.framework */ = {isa = PBXFileReference; lastKnownFileType = wrapper.framework; name = Security.framework; path = System/Library/Frameworks/Security.framework; sourceTree = SDKROOT; };
		D4DA7A0D14D334F30055F672 /* SystemConfiguration.framework */ = {isa = PBXFileReference; lastKnownFileType = wrapper.framework; name = SystemConfiguration.framework; path = System/Library/Frameworks/SystemConfiguration.framework; sourceTree = SDKROOT; };
		D4DA7A7114D393DA0055F672 /* LoginViewController.h */ = {isa = PBXFileReference; fileEncoding = 4; lastKnownFileType = sourcecode.c.h; name = LoginViewController.h; path = IntegratingFacebookTutorial/LoginViewController.h; sourceTree = "<group>"; };
		D4DA7A7214D393DA0055F672 /* LoginViewController.m */ = {isa = PBXFileReference; fileEncoding = 4; lastKnownFileType = sourcecode.c.objc; name = LoginViewController.m; path = IntegratingFacebookTutorial/LoginViewController.m; sourceTree = "<group>"; };
		D4DA7A7314D393DA0055F672 /* LoginViewController.xib */ = {isa = PBXFileReference; fileEncoding = 4; lastKnownFileType = file.xib; name = LoginViewController.xib; path = IntegratingFacebookTutorial/LoginViewController.xib; sourceTree = "<group>"; };
/* End PBXFileReference section */

/* Begin PBXFrameworksBuildPhase section */
		D4DA79E714D3345A0055F672 /* Frameworks */ = {
			isa = PBXFrameworksBuildPhase;
			buildActionMask = 2147483647;
			files = (
				D4DA7A1414D334F30055F672 /* SystemConfiguration.framework in Frameworks */,
				D4DA7A1314D334F30055F672 /* Security.framework in Frameworks */,
				D4DA7A0F14D334F30055F672 /* CFNetwork.framework in Frameworks */,
				8F188FEA192A6E780035281F /* libc++.dylib in Frameworks */,
				8F188FE8192A6E6F0035281F /* libicucore.dylib in Frameworks */,
				C425016D161BBAE400474BCD /* StoreKit.framework in Frameworks */,
				6D10F48316DD68E000690A0F /* CoreLocation.framework in Frameworks */,
				C4250170161BBAEE00474BCD /* libz.dylib in Frameworks */,
				D4DA7A0E14D334F30055F672 /* AudioToolbox.framework in Frameworks */,
				D4DA7A1114D334F30055F672 /* MobileCoreServices.framework in Frameworks */,
				D4DA7A1214D334F30055F672 /* QuartzCore.framework in Frameworks */,
				30C949AC1829561000B17666 /* FacebookSDK.framework in Frameworks */,
				8F188FE6192A6E210035281F /* Firebase.framework in Frameworks */,
				30C949AE1829561800B17666 /* Parse.framework in Frameworks */,
				D4DA79EF14D3345A0055F672 /* UIKit.framework in Frameworks */,
				D4DA79F114D3345A0055F672 /* Foundation.framework in Frameworks */,
				D4DA79F314D3345A0055F672 /* CoreGraphics.framework in Frameworks */,
			);
			runOnlyForDeploymentPostprocessing = 0;
		};
/* End PBXFrameworksBuildPhase section */

/* Begin PBXGroup section */
		1D0ECDBE1928326400DA13A4 /* Model */ = {
			isa = PBXGroup;
			children = (
				1D0ECDBF1928327D00DA13A4 /* Message.h */,
				1D0ECDC01928327D00DA13A4 /* Message.m */,
				1D0ECDC11928327D00DA13A4 /* User.h */,
				1D0ECDC21928327D00DA13A4 /* User.m */,
			);
			name = Model;
			sourceTree = "<group>";
		};
		1D0ECDC71928349900DA13A4 /* Controller */ = {
			isa = PBXGroup;
			children = (
				1D376675192D574E0063EB9E /* SettingsViewController.h */,
				1D376676192D574E0063EB9E /* SettingsViewController.m */,
				D4DA7A7114D393DA0055F672 /* LoginViewController.h */,
				D4DA7A7214D393DA0055F672 /* LoginViewController.m */,
				D4DA7A7314D393DA0055F672 /* LoginViewController.xib */,
				8FA4D3C5192AA2B60015F443 /* MainTableTableViewController.h */,
				8FA4D3C6192AA2B60015F443 /* MainTableTableViewController.m */,
				8FB70FD9192AE75300E8E18B /* PostStatusViewController.h */,
				8FB70FDA192AE75300E8E18B /* PostStatusViewController.m */,
				8FB70FDC192AEA3B00E8E18B /* MainViewController.h */,
				8FB70FDD192AEA3B00E8E18B /* MainViewController.m */,
				1D33C87D192B2D4100A187C4 /* Constants.h */,
				1D33C87E192B2D4100A187C4 /* Constants.m */,
			);
			name = Controller;
			sourceTree = "<group>";
		};
		1D0ECDC8192834A000DA13A4 /* Storyboard */ = {
			isa = PBXGroup;
			children = (
				1D0ECDC5192833DF00DA13A4 /* Storyboard.storyboard */,
			);
			name = Storyboard;
			sourceTree = "<group>";
		};
		1DB2E746192C7373004BE0DB /* View */ = {
			isa = PBXGroup;
			children = (
				1DB2E74A192C76D0004BE0DB /* MPTextView.h */,
				1DB2E74B192C76D0004BE0DB /* MPTextView.m */,
			);
			name = View;
			sourceTree = "<group>";
		};
		1DB2E793192C8A46004BE0DB /* FacebookIntegration */ = {
			isa = PBXGroup;
			children = (
				1DB2E7AA192C8AB0004BE0DB /* main.m */,
				1DB2E7AB192C8AB0004BE0DB /* Oceanic_Background_by_ka_chankitty.jpg */,
				1DB2E7AC192C8AB0004BE0DB /* riesling.ttf */,
				1DB2E7AD192C8AB0004BE0DB /* speakEasy-Info.plist */,
				1DB2E7AE192C8AB0004BE0DB /* speakEasy-Prefix.pch */,
				1DB2E7AF192C8AB0004BE0DB /* TableHeaderView.xib */,
				1DB2E7B0192C8AB0004BE0DB /* userData.plist */,
				1DB2E7B1192C8AB0004BE0DB /* UserDetailsViewController.h */,
				1DB2E7B2192C8AB0004BE0DB /* UserDetailsViewController.m */,
				1DB2E7B3192C8AB0004BE0DB /* UserDetailsViewController.xib */,
				1DB2E794192C8A70004BE0DB /* Default-568h@2x.png */,
				1DB2E795192C8A70004BE0DB /* Default.png */,
				1DB2E796192C8A70004BE0DB /* Default@2x.png */,
				1DB2E797192C8A70004BE0DB /* en.lproj */,
				1DB2E79A192C8A70004BE0DB /* Icon.png */,
				1DB2E79B192C8A70004BE0DB /* Icon@2x.png */,
				1DB2E79C192C8A70004BE0DB /* login-button-small-pressed.png */,
				1DB2E79D192C8A70004BE0DB /* login-button-small-pressed@2x.png */,
				1DB2E79E192C8A70004BE0DB /* login-button-small.png */,
				1DB2E79F192C8A70004BE0DB /* login-button-small@2x.png */,
			);
			name = FacebookIntegration;
			sourceTree = "<group>";
		};
		1DB2E797192C8A70004BE0DB /* en.lproj */ = {
			isa = PBXGroup;
			children = (
				1DB2E798192C8A70004BE0DB /* InfoPlist.strings */,
			);
			name = en.lproj;
			path = IntegratingFacebookTutorial/en.lproj;
			sourceTree = "<group>";
		};
		8F92B991192B2B0F0046EE87 /* App Delegate */ = {
			isa = PBXGroup;
			children = (
				D4DA79FD14D3345A0055F672 /* AppDelegate.h */,
				D4DA79FE14D3345A0055F672 /* AppDelegate.m */,
			);
			name = "App Delegate";
			sourceTree = "<group>";
		};
		D4DA79DF14D3345A0055F672 = {
			isa = PBXGroup;
			children = (
				1DB2E793192C8A46004BE0DB /* FacebookIntegration */,
				1DB2E746192C7373004BE0DB /* View */,
				8F92B991192B2B0F0046EE87 /* App Delegate */,
				1D0ECDC8192834A000DA13A4 /* Storyboard */,
				1D0ECDC71928349900DA13A4 /* Controller */,
				1D0ECDBE1928326400DA13A4 /* Model */,
				D4DA79ED14D3345A0055F672 /* Frameworks */,
				D4DA79EB14D3345A0055F672 /* Products */,
			);
			sourceTree = "<group>";
		};
		D4DA79EB14D3345A0055F672 /* Products */ = {
			isa = PBXGroup;
			children = (
				D4DA79EA14D3345A0055F672 /* speakEasy.app */,
			);
			name = Products;
			sourceTree = "<group>";
		};
		D4DA79ED14D3345A0055F672 /* Frameworks */ = {
			isa = PBXGroup;
			children = (
				8F188FE9192A6E780035281F /* libc++.dylib */,
				8F188FE7192A6E6F0035281F /* libicucore.dylib */,
				8F188FE5192A6E210035281F /* Firebase.framework */,
				30C949AD1829561800B17666 /* Parse.framework */,
				30C949AB1829561000B17666 /* FacebookSDK.framework */,
				6D10F48216DD68E000690A0F /* CoreLocation.framework */,
				D4DA7A0714D334F30055F672 /* AudioToolbox.framework */,
				D4DA7A0814D334F30055F672 /* CFNetwork.framework */,
				D4DA79F214D3345A0055F672 /* CoreGraphics.framework */,
				D4DA79F014D3345A0055F672 /* Foundation.framework */,
				C425016F161BBAEE00474BCD /* libz.dylib */,
				D4DA7A0A14D334F30055F672 /* MobileCoreServices.framework */,
				D4DA7A0B14D334F30055F672 /* QuartzCore.framework */,
				D4DA7A0C14D334F30055F672 /* Security.framework */,
				C4250169161BBAE400474BCD /* StoreKit.framework */,
				D4DA7A0D14D334F30055F672 /* SystemConfiguration.framework */,
				D4DA79EE14D3345A0055F672 /* UIKit.framework */,
			);
			name = Frameworks;
			sourceTree = "<group>";
		};
/* End PBXGroup section */

/* Begin PBXNativeTarget section */
		D4DA79E914D3345A0055F672 /* speakEasy */ = {
			isa = PBXNativeTarget;
			buildConfigurationList = D4DA7A0214D3345A0055F672 /* Build configuration list for PBXNativeTarget "speakEasy" */;
			buildPhases = (
				D4DA79E614D3345A0055F672 /* Sources */,
				D4DA79E714D3345A0055F672 /* Frameworks */,
				D4DA79E814D3345A0055F672 /* Resources */,
			);
			buildRules = (
			);
			dependencies = (
			);
			name = speakEasy;
			productName = IntegratingFacebookTutorial;
			productReference = D4DA79EA14D3345A0055F672 /* speakEasy.app */;
			productType = "com.apple.product-type.application";
		};
/* End PBXNativeTarget section */

/* Begin PBXProject section */
		D4DA79E114D3345A0055F672 /* Project object */ = {
			isa = PBXProject;
			attributes = {
				LastUpgradeCheck = 0460;
			};
			buildConfigurationList = D4DA79E414D3345A0055F672 /* Build configuration list for PBXProject "speakEasy" */;
			compatibilityVersion = "Xcode 3.2";
			developmentRegion = English;
			hasScannedForEncodings = 0;
			knownRegions = (
				en,
			);
			mainGroup = D4DA79DF14D3345A0055F672;
			productRefGroup = D4DA79EB14D3345A0055F672 /* Products */;
			projectDirPath = "";
			projectRoot = "";
			targets = (
				D4DA79E914D3345A0055F672 /* speakEasy */,
			);
		};
/* End PBXProject section */

/* Begin PBXResourcesBuildPhase section */
		D4DA79E814D3345A0055F672 /* Resources */ = {
			isa = PBXResourcesBuildPhase;
			buildActionMask = 2147483647;
			files = (
				1DB2E7B8192C8AB0004BE0DB /* TableHeaderView.xib in Resources */,
				D4DA7A7514D393DA0055F672 /* LoginViewController.xib in Resources */,
				1DB2E7A5192C8A71004BE0DB /* Icon@2x.png in Resources */,
				1DB2E7B7192C8AB0004BE0DB /* speakEasy-Info.plist in Resources */,
				1DB2E7A3192C8A71004BE0DB /* InfoPlist.strings in Resources */,
				1D0ECDC6192833DF00DA13A4 /* Storyboard.storyboard in Resources */,
				1DB2E7A2192C8A71004BE0DB /* Default@2x.png in Resources */,
				1DB2E7A7192C8A71004BE0DB /* login-button-small-pressed@2x.png in Resources */,
				1DB2E7BB192C8AB0004BE0DB /* UserDetailsViewController.xib in Resources */,
				1DB2E7A9192C8A71004BE0DB /* login-button-small@2x.png in Resources */,
				1DB2E7A0192C8A71004BE0DB /* Default-568h@2x.png in Resources */,
				1DB2E7A4192C8A71004BE0DB /* Icon.png in Resources */,
				1DB2E7A1192C8A71004BE0DB /* Default.png in Resources */,
				1DB2E7B5192C8AB0004BE0DB /* Oceanic_Background_by_ka_chankitty.jpg in Resources */,
				1DB2E7B6192C8AB0004BE0DB /* riesling.ttf in Resources */,
				1DB2E7B9192C8AB0004BE0DB /* userData.plist in Resources */,
				1DB2E7A6192C8A71004BE0DB /* login-button-small-pressed.png in Resources */,
				1DB2E7A8192C8A71004BE0DB /* login-button-small.png in Resources */,
			);
			runOnlyForDeploymentPostprocessing = 0;
		};
/* End PBXResourcesBuildPhase section */

/* Begin PBXSourcesBuildPhase section */
		D4DA79E614D3345A0055F672 /* Sources */ = {
			isa = PBXSourcesBuildPhase;
			buildActionMask = 2147483647;
			files = (
				1DB2E74C192C76D0004BE0DB /* MPTextView.m in Sources */,
				D4DA79FF14D3345A0055F672 /* AppDelegate.m in Sources */,
				1D0ECDC41928327D00DA13A4 /* User.m in Sources */,
				8FB70FDE192AEA3B00E8E18B /* MainViewController.m in Sources */,
				1D0ECDC31928327D00DA13A4 /* Message.m in Sources */,
				1D33C87F192B2D4100A187C4 /* Constants.m in Sources */,
				8FA4D3C7192AA2B60015F443 /* MainTableTableViewController.m in Sources */,
				8FB70FDB192AE75300E8E18B /* PostStatusViewController.m in Sources */,
				1DB2E7B4192C8AB0004BE0DB /* main.m in Sources */,
				1DB2E7BA192C8AB0004BE0DB /* UserDetailsViewController.m in Sources */,
				D4DA7A7414D393DA0055F672 /* LoginViewController.m in Sources */,
				1D376677192D574E0063EB9E /* SettingsViewController.m in Sources */,
			);
			runOnlyForDeploymentPostprocessing = 0;
		};
/* End PBXSourcesBuildPhase section */

/* Begin PBXVariantGroup section */
		1DB2E798192C8A70004BE0DB /* InfoPlist.strings */ = {
			isa = PBXVariantGroup;
			children = (
				1DB2E799192C8A70004BE0DB /* en */,
			);
			name = InfoPlist.strings;
			sourceTree = "<group>";
		};
/* End PBXVariantGroup section */

/* Begin XCBuildConfiguration section */
		D4DA7A0014D3345A0055F672 /* Debug */ = {
			isa = XCBuildConfiguration;
			buildSettings = {
				ALWAYS_SEARCH_USER_PATHS = NO;
				ARCHS = "$(ARCHS_STANDARD_32_BIT)";
				CLANG_ENABLE_OBJC_ARC = YES;
				CLANG_WARN_CONSTANT_CONVERSION = YES;
				CLANG_WARN_ENUM_CONVERSION = YES;
				CLANG_WARN_INT_CONVERSION = YES;
				CLANG_WARN__DUPLICATE_METHOD_MATCH = YES;
				"CODE_SIGN_IDENTITY[sdk=iphoneos*]" = "iPhone Developer";
				COPY_PHASE_STRIP = NO;
				GCC_C_LANGUAGE_STANDARD = gnu99;
				GCC_DYNAMIC_NO_PIC = NO;
				GCC_OPTIMIZATION_LEVEL = 0;
				GCC_PREPROCESSOR_DEFINITIONS = (
					"DEBUG=1",
					"$(inherited)",
				);
				GCC_SYMBOLS_PRIVATE_EXTERN = NO;
				GCC_VERSION = com.apple.compilers.llvm.clang.1_0;
				GCC_WARN_ABOUT_MISSING_PROTOTYPES = YES;
				GCC_WARN_ABOUT_RETURN_TYPE = YES;
				GCC_WARN_UNINITIALIZED_AUTOS = YES;
				GCC_WARN_UNUSED_VARIABLE = YES;
				IPHONEOS_DEPLOYMENT_TARGET = 7.0;
				SDKROOT = iphoneos;
			};
			name = Debug;
		};
		D4DA7A0114D3345A0055F672 /* Release */ = {
			isa = XCBuildConfiguration;
			buildSettings = {
				ALWAYS_SEARCH_USER_PATHS = NO;
				ARCHS = "$(ARCHS_STANDARD_32_BIT)";
				CLANG_ENABLE_OBJC_ARC = YES;
				CLANG_WARN_CONSTANT_CONVERSION = YES;
				CLANG_WARN_ENUM_CONVERSION = YES;
				CLANG_WARN_INT_CONVERSION = YES;
				CLANG_WARN__DUPLICATE_METHOD_MATCH = YES;
				"CODE_SIGN_IDENTITY[sdk=iphoneos*]" = "iPhone Developer";
				COPY_PHASE_STRIP = YES;
				GCC_C_LANGUAGE_STANDARD = gnu99;
				GCC_VERSION = com.apple.compilers.llvm.clang.1_0;
				GCC_WARN_ABOUT_MISSING_PROTOTYPES = YES;
				GCC_WARN_ABOUT_RETURN_TYPE = YES;
				GCC_WARN_UNINITIALIZED_AUTOS = YES;
				GCC_WARN_UNUSED_VARIABLE = YES;
				IPHONEOS_DEPLOYMENT_TARGET = 7.0;
				OTHER_CFLAGS = "-DNS_BLOCK_ASSERTIONS=1";
				SDKROOT = iphoneos;
				VALIDATE_PRODUCT = YES;
			};
			name = Release;
		};
		D4DA7A0314D3345A0055F672 /* Debug */ = {
			isa = XCBuildConfiguration;
			buildSettings = {
				FRAMEWORK_SEARCH_PATHS = (
					"$(inherited)",
					"$(SRCROOT)",
					"$(PROJECT_DIR)",
				);
				GCC_PRECOMPILE_PREFIX_HEADER = YES;
				GCC_PREFIX_HEADER = "IntegratingFacebookTutorial/speakEasy-Prefix.pch";
				INFOPLIST_FILE = "IntegratingFacebookTutorial/speakEasy-Info.plist";
				OTHER_LDFLAGS = (
					"-lsqlite3.0",
					"-ObjC",
				);
				PRODUCT_NAME = speakEasy;
				WRAPPER_EXTENSION = app;
			};
			name = Debug;
		};
		D4DA7A0414D3345A0055F672 /* Release */ = {
			isa = XCBuildConfiguration;
			buildSettings = {
				FRAMEWORK_SEARCH_PATHS = (
					"$(inherited)",
					"$(SRCROOT)",
					"$(PROJECT_DIR)",
				);
				GCC_PRECOMPILE_PREFIX_HEADER = YES;
				GCC_PREFIX_HEADER = "IntegratingFacebookTutorial/speakEasy-Prefix.pch";
				INFOPLIST_FILE = "IntegratingFacebookTutorial/speakEasy-Info.plist";
				OTHER_LDFLAGS = (
					"-lsqlite3.0",
					"-ObjC",
				);
				PRODUCT_NAME = speakEasy;
				WRAPPER_EXTENSION = app;
			};
			name = Release;
		};
/* End XCBuildConfiguration section */

/* Begin XCConfigurationList section */
		D4DA79E414D3345A0055F672 /* Build configuration list for PBXProject "speakEasy" */ = {
			isa = XCConfigurationList;
			buildConfigurations = (
				D4DA7A0014D3345A0055F672 /* Debug */,
				D4DA7A0114D3345A0055F672 /* Release */,
			);
			defaultConfigurationIsVisible = 0;
			defaultConfigurationName = Release;
		};
		D4DA7A0214D3345A0055F672 /* Build configuration list for PBXNativeTarget "speakEasy" */ = {
			isa = XCConfigurationList;
			buildConfigurations = (
				D4DA7A0314D3345A0055F672 /* Debug */,
				D4DA7A0414D3345A0055F672 /* Release */,
			);
			defaultConfigurationIsVisible = 0;
			defaultConfigurationName = Release;
		};
/* End XCConfigurationList section */
	};
	rootObject = D4DA79E114D3345A0055F672 /* Project object */;
}
