// !$*UTF8*$!
{
	archiveVersion = 1;
	classes = {
	};
	objectVersion = 46;
	objects = {

/* Begin PBXBuildFile section */
		1D0ECDC31928327D00DA13A4 /* Message.m in Sources */ = {isa = PBXBuildFile; fileRef = 1D0ECDC01928327D00DA13A4 /* Message.m */; };
		1D0ECDC41928327D00DA13A4 /* User.m in Sources */ = {isa = PBXBuildFile; fileRef = 1D0ECDC21928327D00DA13A4 /* User.m */; };
		1D33C87F192B2D4100A187C4 /* Constants.m in Sources */ = {isa = PBXBuildFile; fileRef = 1D33C87E192B2D4100A187C4 /* Constants.m */; };
		1D376677192D574E0063EB9E /* SettingsViewController.m in Sources */ = {isa = PBXBuildFile; fileRef = 1D376676192D574E0063EB9E /* SettingsViewController.m */; };
		1DAFA8971933BA7E00256110 /* FriendPickerViewController.m in Sources */ = {isa = PBXBuildFile; fileRef = 1DAFA8961933BA7E00256110 /* FriendPickerViewController.m */; };
		1DB2E74C192C76D0004BE0DB /* MPTextView.m in Sources */ = {isa = PBXBuildFile; fileRef = 1DB2E74B192C76D0004BE0DB /* MPTextView.m */; };
		1DB2E7A4192C8A71004BE0DB /* Icon.png in Resources */ = {isa = PBXBuildFile; fileRef = 1DB2E79A192C8A70004BE0DB /* Icon.png */; };
		1DB2E7A5192C8A71004BE0DB /* Icon@2x.png in Resources */ = {isa = PBXBuildFile; fileRef = 1DB2E79B192C8A70004BE0DB /* Icon@2x.png */; };
		1DB2E7A6192C8A71004BE0DB /* login-button-small-pressed.png in Resources */ = {isa = PBXBuildFile; fileRef = 1DB2E79C192C8A70004BE0DB /* login-button-small-pressed.png */; };
		1DB2E7A7192C8A71004BE0DB /* login-button-small-pressed@2x.png in Resources */ = {isa = PBXBuildFile; fileRef = 1DB2E79D192C8A70004BE0DB /* login-button-small-pressed@2x.png */; };
		1DB2E7A8192C8A71004BE0DB /* login-button-small.png in Resources */ = {isa = PBXBuildFile; fileRef = 1DB2E79E192C8A70004BE0DB /* login-button-small.png */; };
		1DB2E7A9192C8A71004BE0DB /* login-button-small@2x.png in Resources */ = {isa = PBXBuildFile; fileRef = 1DB2E79F192C8A70004BE0DB /* login-button-small@2x.png */; };
		1DB2E7B4192C8AB0004BE0DB /* main.m in Sources */ = {isa = PBXBuildFile; fileRef = 1DB2E7AA192C8AB0004BE0DB /* main.m */; };
		1DB2E7B5192C8AB0004BE0DB /* Oceanic_Background_by_ka_chankitty.jpg in Resources */ = {isa = PBXBuildFile; fileRef = 1DB2E7AB192C8AB0004BE0DB /* Oceanic_Background_by_ka_chankitty.jpg */; };
		1DB2E7B8192C8AB0004BE0DB /* TableHeaderView.xib in Resources */ = {isa = PBXBuildFile; fileRef = 1DB2E7AF192C8AB0004BE0DB /* TableHeaderView.xib */; };
		1DB2E7B9192C8AB0004BE0DB /* userData.plist in Resources */ = {isa = PBXBuildFile; fileRef = 1DB2E7B0192C8AB0004BE0DB /* userData.plist */; };
		1DB3FB3C19342366006D54C2 /* LoginViewController.m in Sources */ = {isa = PBXBuildFile; fileRef = 1DB3FB3A19342366006D54C2 /* LoginViewController.m */; };
		1DB3FB3D19342366006D54C2 /* LoginViewController.xib in Resources */ = {isa = PBXBuildFile; fileRef = 1DB3FB3B19342366006D54C2 /* LoginViewController.xib */; };
		1DB3FB4019342379006D54C2 /* AppDelegate.m in Sources */ = {isa = PBXBuildFile; fileRef = 1DB3FB3F19342379006D54C2 /* AppDelegate.m */; };
		1DB3FB431934277D006D54C2 /* InfoPlist.strings in Resources */ = {isa = PBXBuildFile; fileRef = 1DB3FB411934277D006D54C2 /* InfoPlist.strings */; };
		1DB3FB4619342BAC006D54C2 /* Storyboard.storyboard in Resources */ = {isa = PBXBuildFile; fileRef = 1DB3FB4519342BAC006D54C2 /* Storyboard.storyboard */; };
		1DB3FB4B1934422F006D54C2 /* Default-568h@2x.png in Resources */ = {isa = PBXBuildFile; fileRef = 1DB3FB481934422F006D54C2 /* Default-568h@2x.png */; };
		1DB3FB4C1934422F006D54C2 /* Default.png in Resources */ = {isa = PBXBuildFile; fileRef = 1DB3FB491934422F006D54C2 /* Default.png */; };
		1DB3FB4D1934422F006D54C2 /* Default@2x.png in Resources */ = {isa = PBXBuildFile; fileRef = 1DB3FB4A1934422F006D54C2 /* Default@2x.png */; };
		1DB8EA4F193308E3005A5243 /* FriendTableViewController.m in Sources */ = {isa = PBXBuildFile; fileRef = 1DB8EA4E193308E3005A5243 /* FriendTableViewController.m */; };
		30C949AC1829561000B17666 /* FacebookSDK.framework in Frameworks */ = {isa = PBXBuildFile; fileRef = 30C949AB1829561000B17666 /* FacebookSDK.framework */; };
		30C949AE1829561800B17666 /* Parse.framework in Frameworks */ = {isa = PBXBuildFile; fileRef = 30C949AD1829561800B17666 /* Parse.framework */; };
		6D10F48316DD68E000690A0F /* CoreLocation.framework in Frameworks */ = {isa = PBXBuildFile; fileRef = 6D10F48216DD68E000690A0F /* CoreLocation.framework */; };
		8F188FE6192A6E210035281F /* Firebase.framework in Frameworks */ = {isa = PBXBuildFile; fileRef = 8F188FE5192A6E210035281F /* Firebase.framework */; };
		8F188FE8192A6E6F0035281F /* libicucore.dylib in Frameworks */ = {isa = PBXBuildFile; fileRef = 8F188FE7192A6E6F0035281F /* libicucore.dylib */; };
		8F188FEA192A6E780035281F /* libc++.dylib in Frameworks */ = {isa = PBXBuildFile; fileRef = 8F188FE9192A6E780035281F /* libc++.dylib */; };
		8FA4D3C7192AA2B60015F443 /* MainTableViewController.m in Sources */ = {isa = PBXBuildFile; fileRef = 8FA4D3C6192AA2B60015F443 /* MainTableViewController.m */; };
		8FB70FDB192AE75300E8E18B /* PostStatusViewController.m in Sources */ = {isa = PBXBuildFile; fileRef = 8FB70FDA192AE75300E8E18B /* PostStatusViewController.m */; };
		8FB70FDE192AEA3B00E8E18B /* MainViewController.m in Sources */ = {isa = PBXBuildFile; fileRef = 8FB70FDD192AEA3B00E8E18B /* MainViewController.m */; };
		C425016D161BBAE400474BCD /* StoreKit.framework in Frameworks */ = {isa = PBXBuildFile; fileRef = C4250169161BBAE400474BCD /* StoreKit.framework */; };
		C4250170161BBAEE00474BCD /* libz.dylib in Frameworks */ = {isa = PBXBuildFile; fileRef = C425016F161BBAEE00474BCD /* libz.dylib */; };
		D4DA79EF14D3345A0055F672 /* UIKit.framework in Frameworks */ = {isa = PBXBuildFile; fileRef = D4DA79EE14D3345A0055F672 /* UIKit.framework */; };
		D4DA79F114D3345A0055F672 /* Foundation.framework in Frameworks */ = {isa = PBXBuildFile; fileRef = D4DA79F014D3345A0055F672 /* Foundation.framework */; };
		D4DA79F314D3345A0055F672 /* CoreGraphics.framework in Frameworks */ = {isa = PBXBuildFile; fileRef = D4DA79F214D3345A0055F672 /* CoreGraphics.framework */; };
		D4DA7A0E14D334F30055F672 /* AudioToolbox.framework in Frameworks */ = {isa = PBXBuildFile; fileRef = D4DA7A0714D334F30055F672 /* AudioToolbox.framework */; };
		D4DA7A0F14D334F30055F672 /* CFNetwork.framework in Frameworks */ = {isa = PBXBuildFile; fileRef = D4DA7A0814D334F30055F672 /* CFNetwork.framework */; };
		D4DA7A1114D334F30055F672 /* MobileCoreServices.framework in Frameworks */ = {isa = PBXBuildFile; fileRef = D4DA7A0A14D334F30055F672 /* MobileCoreServices.framework */; };
		D4DA7A1214D334F30055F672 /* QuartzCore.framework in Frameworks */ = {isa = PBXBuildFile; fileRef = D4DA7A0B14D334F30055F672 /* QuartzCore.framework */; };
		D4DA7A1314D334F30055F672 /* Security.framework in Frameworks */ = {isa = PBXBuildFile; fileRef = D4DA7A0C14D334F30055F672 /* Security.framework */; };
		D4DA7A1414D334F30055F672 /* SystemConfiguration.framework in Frameworks */ = {isa = PBXBuildFile; fileRef = D4DA7A0D14D334F30055F672 /* SystemConfiguration.framework */; };
/* End PBXBuildFile section */

/* Begin PBXFileReference section */
		1D0ECDBF1928327D00DA13A4 /* Message.h */ = {isa = PBXFileReference; fileEncoding = 4; lastKnownFileType = sourcecode.c.h; name = Message.h; path = Model/Message.h; sourceTree = SOURCE_ROOT; };
		1D0ECDC01928327D00DA13A4 /* Message.m */ = {isa = PBXFileReference; fileEncoding = 4; lastKnownFileType = sourcecode.c.objc; name = Message.m; path = Model/Message.m; sourceTree = SOURCE_ROOT; };
		1D0ECDC11928327D00DA13A4 /* User.h */ = {isa = PBXFileReference; fileEncoding = 4; lastKnownFileType = sourcecode.c.h; name = User.h; path = Model/User.h; sourceTree = SOURCE_ROOT; };
		1D0ECDC21928327D00DA13A4 /* User.m */ = {isa = PBXFileReference; fileEncoding = 4; lastKnownFileType = sourcecode.c.objc; name = User.m; path = Model/User.m; sourceTree = SOURCE_ROOT; };
		1D33C87D192B2D4100A187C4 /* Constants.h */ = {isa = PBXFileReference; fileEncoding = 4; lastKnownFileType = sourcecode.c.h; name = Constants.h; path = Config/Constants.h; sourceTree = SOURCE_ROOT; };
		1D33C87E192B2D4100A187C4 /* Constants.m */ = {isa = PBXFileReference; fileEncoding = 4; lastKnownFileType = sourcecode.c.objc; name = Constants.m; path = Config/Constants.m; sourceTree = SOURCE_ROOT; };
		1D376675192D574E0063EB9E /* SettingsViewController.h */ = {isa = PBXFileReference; fileEncoding = 4; lastKnownFileType = sourcecode.c.h; name = SettingsViewController.h; path = Controller/SettingsViewController.h; sourceTree = SOURCE_ROOT; };
		1D376676192D574E0063EB9E /* SettingsViewController.m */ = {isa = PBXFileReference; fileEncoding = 4; lastKnownFileType = sourcecode.c.objc; name = SettingsViewController.m; path = Controller/SettingsViewController.m; sourceTree = SOURCE_ROOT; };
		1DAFA8951933BA7E00256110 /* FriendPickerViewController.h */ = {isa = PBXFileReference; fileEncoding = 4; lastKnownFileType = sourcecode.c.h; name = FriendPickerViewController.h; path = Controller/FriendPickerViewController.h; sourceTree = SOURCE_ROOT; };
		1DAFA8961933BA7E00256110 /* FriendPickerViewController.m */ = {isa = PBXFileReference; fileEncoding = 4; lastKnownFileType = sourcecode.c.objc; name = FriendPickerViewController.m; path = Controller/FriendPickerViewController.m; sourceTree = SOURCE_ROOT; };
		1DB2E74A192C76D0004BE0DB /* MPTextView.h */ = {isa = PBXFileReference; fileEncoding = 4; lastKnownFileType = sourcecode.c.h; name = MPTextView.h; path = View/MPTextView.h; sourceTree = "<group>"; };
		1DB2E74B192C76D0004BE0DB /* MPTextView.m */ = {isa = PBXFileReference; fileEncoding = 4; lastKnownFileType = sourcecode.c.objc; name = MPTextView.m; path = View/MPTextView.m; sourceTree = "<group>"; };
		1DB2E79A192C8A70004BE0DB /* Icon.png */ = {isa = PBXFileReference; lastKnownFileType = image.png; path = Icon.png; sourceTree = "<group>"; };
		1DB2E79B192C8A70004BE0DB /* Icon@2x.png */ = {isa = PBXFileReference; lastKnownFileType = image.png; path = "Icon@2x.png"; sourceTree = "<group>"; };
		1DB2E79C192C8A70004BE0DB /* login-button-small-pressed.png */ = {isa = PBXFileReference; lastKnownFileType = image.png; path = "login-button-small-pressed.png"; sourceTree = "<group>"; };
		1DB2E79D192C8A70004BE0DB /* login-button-small-pressed@2x.png */ = {isa = PBXFileReference; lastKnownFileType = image.png; path = "login-button-small-pressed@2x.png"; sourceTree = "<group>"; };
		1DB2E79E192C8A70004BE0DB /* login-button-small.png */ = {isa = PBXFileReference; lastKnownFileType = image.png; path = "login-button-small.png"; sourceTree = "<group>"; };
		1DB2E79F192C8A70004BE0DB /* login-button-small@2x.png */ = {isa = PBXFileReference; lastKnownFileType = image.png; path = "login-button-small@2x.png"; sourceTree = "<group>"; };
		1DB2E7AA192C8AB0004BE0DB /* main.m */ = {isa = PBXFileReference; fileEncoding = 4; lastKnownFileType = sourcecode.c.objc; name = main.m; path = Application/main.m; sourceTree = SOURCE_ROOT; };
		1DB2E7AB192C8AB0004BE0DB /* Oceanic_Background_by_ka_chankitty.jpg */ = {isa = PBXFileReference; lastKnownFileType = image.jpeg; path = Oceanic_Background_by_ka_chankitty.jpg; sourceTree = "<group>"; };
		1DB2E7AC192C8AB0004BE0DB /* riesling.ttf */ = {isa = PBXFileReference; lastKnownFileType = file; name = riesling.ttf; path = ../../riesling.ttf; sourceTree = "<group>"; };
		1DB2E7AD192C8AB0004BE0DB /* speakEasy-Info.plist */ = {isa = PBXFileReference; fileEncoding = 4; lastKnownFileType = text.plist.xml; name = "speakEasy-Info.plist"; path = "Application/speakEasy-Info.plist"; sourceTree = SOURCE_ROOT; };
		1DB2E7AE192C8AB0004BE0DB /* speakEasy-Prefix.pch */ = {isa = PBXFileReference; fileEncoding = 4; lastKnownFileType = sourcecode.c.h; name = "speakEasy-Prefix.pch"; path = "Application/speakEasy-Prefix.pch"; sourceTree = SOURCE_ROOT; };
		1DB2E7AF192C8AB0004BE0DB /* TableHeaderView.xib */ = {isa = PBXFileReference; fileEncoding = 4; lastKnownFileType = file.xib; path = TableHeaderView.xib; sourceTree = "<group>"; };
		1DB2E7B0192C8AB0004BE0DB /* userData.plist */ = {isa = PBXFileReference; fileEncoding = 4; lastKnownFileType = text.plist.xml; path = userData.plist; sourceTree = "<group>"; };
		1DB3FB3919342366006D54C2 /* LoginViewController.h */ = {isa = PBXFileReference; fileEncoding = 4; lastKnownFileType = sourcecode.c.h; name = LoginViewController.h; path = Controller/LoginViewController.h; sourceTree = SOURCE_ROOT; };
		1DB3FB3A19342366006D54C2 /* LoginViewController.m */ = {isa = PBXFileReference; fileEncoding = 4; lastKnownFileType = sourcecode.c.objc; name = LoginViewController.m; path = Controller/LoginViewController.m; sourceTree = SOURCE_ROOT; };
		1DB3FB3B19342366006D54C2 /* LoginViewController.xib */ = {isa = PBXFileReference; fileEncoding = 4; lastKnownFileType = file.xib; name = LoginViewController.xib; path = Controller/LoginViewController.xib; sourceTree = SOURCE_ROOT; };
		1DB3FB3E19342379006D54C2 /* AppDelegate.h */ = {isa = PBXFileReference; fileEncoding = 4; lastKnownFileType = sourcecode.c.h; name = AppDelegate.h; path = Application/AppDelegate.h; sourceTree = SOURCE_ROOT; };
		1DB3FB3F19342379006D54C2 /* AppDelegate.m */ = {isa = PBXFileReference; fileEncoding = 4; lastKnownFileType = sourcecode.c.objc; name = AppDelegate.m; path = Application/AppDelegate.m; sourceTree = SOURCE_ROOT; };
		1DB3FB421934277D006D54C2 /* en */ = {isa = PBXFileReference; lastKnownFileType = text.plist.strings; name = en; path = en.lproj/InfoPlist.strings; sourceTree = "<group>"; };
		1DB3FB4519342BAC006D54C2 /* Storyboard.storyboard */ = {isa = PBXFileReference; fileEncoding = 4; lastKnownFileType = file.storyboard; name = Storyboard.storyboard; path = View/Storyboard.storyboard; sourceTree = "<group>"; };
		1DB3FB481934422F006D54C2 /* Default-568h@2x.png */ = {isa = PBXFileReference; lastKnownFileType = image.png; name = "Default-568h@2x.png"; path = "Images/Default-568h@2x.png"; sourceTree = SOURCE_ROOT; };
		1DB3FB491934422F006D54C2 /* Default.png */ = {isa = PBXFileReference; lastKnownFileType = image.png; name = Default.png; path = Images/Default.png; sourceTree = SOURCE_ROOT; };
		1DB3FB4A1934422F006D54C2 /* Default@2x.png */ = {isa = PBXFileReference; lastKnownFileType = image.png; name = "Default@2x.png"; path = "Images/Default@2x.png"; sourceTree = SOURCE_ROOT; };
		1DB8EA4D193308E3005A5243 /* FriendTableViewController.h */ = {isa = PBXFileReference; fileEncoding = 4; lastKnownFileType = sourcecode.c.h; name = FriendTableViewController.h; path = Controller/FriendTableViewController.h; sourceTree = SOURCE_ROOT; };
		1DB8EA4E193308E3005A5243 /* FriendTableViewController.m */ = {isa = PBXFileReference; fileEncoding = 4; lastKnownFileType = sourcecode.c.objc; name = FriendTableViewController.m; path = Controller/FriendTableViewController.m; sourceTree = SOURCE_ROOT; };
		30C949AB1829561000B17666 /* FacebookSDK.framework */ = {isa = PBXFileReference; lastKnownFileType = wrapper.framework; path = FacebookSDK.framework; sourceTree = SOURCE_ROOT; };
		30C949AD1829561800B17666 /* Parse.framework */ = {isa = PBXFileReference; lastKnownFileType = wrapper.framework; path = Parse.framework; sourceTree = SOURCE_ROOT; };
		6D10F48216DD68E000690A0F /* CoreLocation.framework */ = {isa = PBXFileReference; lastKnownFileType = wrapper.framework; name = CoreLocation.framework; path = System/Library/Frameworks/CoreLocation.framework; sourceTree = SDKROOT; };
		8F188FE5192A6E210035281F /* Firebase.framework */ = {isa = PBXFileReference; lastKnownFileType = wrapper.framework; path = Firebase.framework; sourceTree = SOURCE_ROOT; };
		8F188FE7192A6E6F0035281F /* libicucore.dylib */ = {isa = PBXFileReference; lastKnownFileType = "compiled.mach-o.dylib"; name = libicucore.dylib; path = usr/lib/libicucore.dylib; sourceTree = SDKROOT; };
		8F188FE9192A6E780035281F /* libc++.dylib */ = {isa = PBXFileReference; lastKnownFileType = "compiled.mach-o.dylib"; name = "libc++.dylib"; path = "usr/lib/libc++.dylib"; sourceTree = SDKROOT; };
		8FA4D3C5192AA2B60015F443 /* MainTableViewController.h */ = {isa = PBXFileReference; fileEncoding = 4; lastKnownFileType = sourcecode.c.h; name = MainTableViewController.h; path = Controller/MainTableViewController.h; sourceTree = SOURCE_ROOT; };
		8FA4D3C6192AA2B60015F443 /* MainTableViewController.m */ = {isa = PBXFileReference; fileEncoding = 4; lastKnownFileType = sourcecode.c.objc; name = MainTableViewController.m; path = Controller/MainTableViewController.m; sourceTree = SOURCE_ROOT; };
		8FB70FD9192AE75300E8E18B /* PostStatusViewController.h */ = {isa = PBXFileReference; fileEncoding = 4; lastKnownFileType = sourcecode.c.h; name = PostStatusViewController.h; path = Controller/PostStatusViewController.h; sourceTree = SOURCE_ROOT; };
		8FB70FDA192AE75300E8E18B /* PostStatusViewController.m */ = {isa = PBXFileReference; fileEncoding = 4; lastKnownFileType = sourcecode.c.objc; name = PostStatusViewController.m; path = Controller/PostStatusViewController.m; sourceTree = SOURCE_ROOT; };
		8FB70FDC192AEA3B00E8E18B /* MainViewController.h */ = {isa = PBXFileReference; fileEncoding = 4; lastKnownFileType = sourcecode.c.h; name = MainViewController.h; path = Controller/MainViewController.h; sourceTree = SOURCE_ROOT; };
		8FB70FDD192AEA3B00E8E18B /* MainViewController.m */ = {isa = PBXFileReference; fileEncoding = 4; lastKnownFileType = sourcecode.c.objc; name = MainViewController.m; path = Controller/MainViewController.m; sourceTree = SOURCE_ROOT; };
		C4250169161BBAE400474BCD /* StoreKit.framework */ = {isa = PBXFileReference; lastKnownFileType = wrapper.framework; name = StoreKit.framework; path = System/Library/Frameworks/StoreKit.framework; sourceTree = SDKROOT; };
		C425016F161BBAEE00474BCD /* libz.dylib */ = {isa = PBXFileReference; lastKnownFileType = "compiled.mach-o.dylib"; name = libz.dylib; path = usr/lib/libz.dylib; sourceTree = SDKROOT; };
		D4DA79EA14D3345A0055F672 /* speakEasy.app */ = {isa = PBXFileReference; explicitFileType = wrapper.application; includeInIndex = 0; path = speakEasy.app; sourceTree = BUILT_PRODUCTS_DIR; };
		D4DA79EE14D3345A0055F672 /* UIKit.framework */ = {isa = PBXFileReference; lastKnownFileType = wrapper.framework; name = UIKit.framework; path = System/Library/Frameworks/UIKit.framework; sourceTree = SDKROOT; };
		D4DA79F014D3345A0055F672 /* Foundation.framework */ = {isa = PBXFileReference; lastKnownFileType = wrapper.framework; name = Foundation.framework; path = System/Library/Frameworks/Foundation.framework; sourceTree = SDKROOT; };
		D4DA79F214D3345A0055F672 /* CoreGraphics.framework */ = {isa = PBXFileReference; lastKnownFileType = wrapper.framework; name = CoreGraphics.framework; path = System/Library/Frameworks/CoreGraphics.framework; sourceTree = SDKROOT; };
		D4DA7A0714D334F30055F672 /* AudioToolbox.framework */ = {isa = PBXFileReference; lastKnownFileType = wrapper.framework; name = AudioToolbox.framework; path = System/Library/Frameworks/AudioToolbox.framework; sourceTree = SDKROOT; };
		D4DA7A0814D334F30055F672 /* CFNetwork.framework */ = {isa = PBXFileReference; lastKnownFileType = wrapper.framework; name = CFNetwork.framework; path = System/Library/Frameworks/CFNetwork.framework; sourceTree = SDKROOT; };
		D4DA7A0A14D334F30055F672 /* MobileCoreServices.framework */ = {isa = PBXFileReference; lastKnownFileType = wrapper.framework; name = MobileCoreServices.framework; path = System/Library/Frameworks/MobileCoreServices.framework; sourceTree = SDKROOT; };
		D4DA7A0B14D334F30055F672 /* QuartzCore.framework */ = {isa = PBXFileReference; lastKnownFileType = wrapper.framework; name = QuartzCore.framework; path = System/Library/Frameworks/QuartzCore.framework; sourceTree = SDKROOT; };
		D4DA7A0C14D334F30055F672 /* Security.framework */ = {isa = PBXFileReference; lastKnownFileType = wrapper.framework; name = Security.framework; path = System/Library/Frameworks/Security.framework; sourceTree = SDKROOT; };
		D4DA7A0D14D334F30055F672 /* SystemConfiguration.framework */ = {isa = PBXFileReference; lastKnownFileType = wrapper.framework; name = SystemConfiguration.framework; path = System/Library/Frameworks/SystemConfiguration.framework; sourceTree = SDKROOT; };
/* End PBXFileReference section */

/* Begin PBXFrameworksBuildPhase section */
		D4DA79E714D3345A0055F672 /* Frameworks */ = {
			isa = PBXFrameworksBuildPhase;
			buildActionMask = 2147483647;
			files = (
				30C949AC1829561000B17666 /* FacebookSDK.framework in Frameworks */,
				8F188FE6192A6E210035281F /* Firebase.framework in Frameworks */,
				30C949AE1829561800B17666 /* Parse.framework in Frameworks */,
				D4DA7A1414D334F30055F672 /* SystemConfiguration.framework in Frameworks */,
				D4DA7A1314D334F30055F672 /* Security.framework in Frameworks */,
				D4DA7A0F14D334F30055F672 /* CFNetwork.framework in Frameworks */,
				8F188FEA192A6E780035281F /* libc++.dylib in Frameworks */,
				8F188FE8192A6E6F0035281F /* libicucore.dylib in Frameworks */,
				C425016D161BBAE400474BCD /* StoreKit.framework in Frameworks */,
				6D10F48316DD68E000690A0F /* CoreLocation.framework in Frameworks */,
				C4250170161BBAEE00474BCD /* libz.dylib in Frameworks */,
				D4DA7A0E14D334F30055F672 /* AudioToolbox.framework in Frameworks */,
				D4DA7A1114D334F30055F672 /* MobileCoreServices.framework in Frameworks */,
				D4DA7A1214D334F30055F672 /* QuartzCore.framework in Frameworks */,
				D4DA79EF14D3345A0055F672 /* UIKit.framework in Frameworks */,
				D4DA79F114D3345A0055F672 /* Foundation.framework in Frameworks */,
				D4DA79F314D3345A0055F672 /* CoreGraphics.framework in Frameworks */,
			);
			runOnlyForDeploymentPostprocessing = 0;
		};
/* End PBXFrameworksBuildPhase section */

/* Begin PBXGroup section */
		1D0ECDBE1928326400DA13A4 /* Model */ = {
			isa = PBXGroup;
			children = (
				1D0ECDBF1928327D00DA13A4 /* Message.h */,
				1D0ECDC01928327D00DA13A4 /* Message.m */,
				1D0ECDC11928327D00DA13A4 /* User.h */,
				1D0ECDC21928327D00DA13A4 /* User.m */,
			);
			name = Model;
			sourceTree = "<group>";
		};
		1D0ECDC71928349900DA13A4 /* Controller */ = {
			isa = PBXGroup;
			children = (
				1DB3FB3919342366006D54C2 /* LoginViewController.h */,
				1DB3FB3A19342366006D54C2 /* LoginViewController.m */,
				1DB3FB3B19342366006D54C2 /* LoginViewController.xib */,
				1D376675192D574E0063EB9E /* SettingsViewController.h */,
				1D376676192D574E0063EB9E /* SettingsViewController.m */,
				8FB70FD9192AE75300E8E18B /* PostStatusViewController.h */,
				8FB70FDA192AE75300E8E18B /* PostStatusViewController.m */,
				8FB70FDC192AEA3B00E8E18B /* MainViewController.h */,
				8FB70FDD192AEA3B00E8E18B /* MainViewController.m */,
				8FA4D3C5192AA2B60015F443 /* MainTableViewController.h */,
				8FA4D3C6192AA2B60015F443 /* MainTableViewController.m */,
				1DB8EA4D193308E3005A5243 /* FriendTableViewController.h */,
				1DB8EA4E193308E3005A5243 /* FriendTableViewController.m */,
				1DAFA8951933BA7E00256110 /* FriendPickerViewController.h */,
				1DAFA8961933BA7E00256110 /* FriendPickerViewController.m */,
			);
			name = Controller;
			sourceTree = "<group>";
		};
		1DB2E746192C7373004BE0DB /* View */ = {
			isa = PBXGroup;
			children = (
				1DB3FB4519342BAC006D54C2 /* Storyboard.storyboard */,
				1DB2E74A192C76D0004BE0DB /* MPTextView.h */,
				1DB2E74B192C76D0004BE0DB /* MPTextView.m */,
			);
			name = View;
			sourceTree = "<group>";
		};
		1DB2E793192C8A46004BE0DB /* FacebookIntegration */ = {
			isa = PBXGroup;
			children = (
				1DB3FB411934277D006D54C2 /* InfoPlist.strings */,
				1DB2E7AB192C8AB0004BE0DB /* Oceanic_Background_by_ka_chankitty.jpg */,
				1DB2E7AC192C8AB0004BE0DB /* riesling.ttf */,
				1DB2E7AF192C8AB0004BE0DB /* TableHeaderView.xib */,
				1DB2E7B0192C8AB0004BE0DB /* userData.plist */,
				1DB2E79A192C8A70004BE0DB /* Icon.png */,
				1DB2E79B192C8A70004BE0DB /* Icon@2x.png */,
				1DB2E79C192C8A70004BE0DB /* login-button-small-pressed.png */,
				1DB2E79D192C8A70004BE0DB /* login-button-small-pressed@2x.png */,
				1DB2E79E192C8A70004BE0DB /* login-button-small.png */,
				1DB2E79F192C8A70004BE0DB /* login-button-small@2x.png */,
			);
			path = FacebookIntegration;
			sourceTree = "<group>";
		};
		1DB3FB4419342A0B006D54C2 /* Config */ = {
			isa = PBXGroup;
			children = (
				1D33C87D192B2D4100A187C4 /* Constants.h */,
				1D33C87E192B2D4100A187C4 /* Constants.m */,
			);
			name = Config;
			sourceTree = "<group>";
		};
		1DB3FB47193441FF006D54C2 /* Images */ = {
			isa = PBXGroup;
			children = (
				1DB3FB481934422F006D54C2 /* Default-568h@2x.png */,
				1DB3FB491934422F006D54C2 /* Default.png */,
				1DB3FB4A1934422F006D54C2 /* Default@2x.png */,
			);
			path = Images;
			sourceTree = SOURCE_ROOT;
		};
		8F92B991192B2B0F0046EE87 /* Application */ = {
			isa = PBXGroup;
			children = (
				1DB2E7AA192C8AB0004BE0DB /* main.m */,
				1DB2E7AD192C8AB0004BE0DB /* speakEasy-Info.plist */,
				1DB2E7AE192C8AB0004BE0DB /* speakEasy-Prefix.pch */,
				1DB3FB3E19342379006D54C2 /* AppDelegate.h */,
				1DB3FB3F19342379006D54C2 /* AppDelegate.m */,
			);
			name = Application;
			sourceTree = "<group>";
		};
		D4DA79DF14D3345A0055F672 = {
			isa = PBXGroup;
			children = (
				8F92B991192B2B0F0046EE87 /* Application */,
				1D0ECDBE1928326400DA13A4 /* Model */,
				1DB2E746192C7373004BE0DB /* View */,
				1D0ECDC71928349900DA13A4 /* Controller */,
				1DB3FB4419342A0B006D54C2 /* Config */,
				1DB2E793192C8A46004BE0DB /* FacebookIntegration */,
				1DB3FB47193441FF006D54C2 /* Images */,
				D4DA79ED14D3345A0055F672 /* Frameworks */,
				D4DA79EB14D3345A0055F672 /* Products */,
			);
			sourceTree = "<group>";
		};
		D4DA79EB14D3345A0055F672 /* Products */ = {
			isa = PBXGroup;
			children = (
				D4DA79EA14D3345A0055F672 /* speakEasy.app */,
			);
			name = Products;
			sourceTree = "<group>";
		};
		D4DA79ED14D3345A0055F672 /* Frameworks */ = {
			isa = PBXGroup;
			children = (
				8F188FE9192A6E780035281F /* libc++.dylib */,
				8F188FE7192A6E6F0035281F /* libicucore.dylib */,
				8F188FE5192A6E210035281F /* Firebase.framework */,
				30C949AD1829561800B17666 /* Parse.framework */,
				30C949AB1829561000B17666 /* FacebookSDK.framework */,
				6D10F48216DD68E000690A0F /* CoreLocation.framework */,
				D4DA7A0714D334F30055F672 /* AudioToolbox.framework */,
				D4DA7A0814D334F30055F672 /* CFNetwork.framework */,
				D4DA79F214D3345A0055F672 /* CoreGraphics.framework */,
				D4DA79F014D3345A0055F672 /* Foundation.framework */,
				C425016F161BBAEE00474BCD /* libz.dylib */,
				D4DA7A0A14D334F30055F672 /* MobileCoreServices.framework */,
				D4DA7A0B14D334F30055F672 /* QuartzCore.framework */,
				D4DA7A0C14D334F30055F672 /* Security.framework */,
				C4250169161BBAE400474BCD /* StoreKit.framework */,
				D4DA7A0D14D334F30055F672 /* SystemConfiguration.framework */,
				D4DA79EE14D3345A0055F672 /* UIKit.framework */,
			);
			name = Frameworks;
			sourceTree = "<group>";
		};
/* End PBXGroup section */

/* Begin PBXNativeTarget section */
		D4DA79E914D3345A0055F672 /* speakEasy */ = {
			isa = PBXNativeTarget;
			buildConfigurationList = D4DA7A0214D3345A0055F672 /* Build configuration list for PBXNativeTarget "speakEasy" */;
			buildPhases = (
				D4DA79E614D3345A0055F672 /* Sources */,
				D4DA79E714D3345A0055F672 /* Frameworks */,
				D4DA79E814D3345A0055F672 /* Resources */,
			);
			buildRules = (
			);
			dependencies = (
			);
			name = speakEasy;
			productName = IntegratingFacebookTutorial;
			productReference = D4DA79EA14D3345A0055F672 /* speakEasy.app */;
			productType = "com.apple.product-type.application";
		};
/* End PBXNativeTarget section */

/* Begin PBXProject section */
		D4DA79E114D3345A0055F672 /* Project object */ = {
			isa = PBXProject;
			attributes = {
				LastUpgradeCheck = 0510;
			};
			buildConfigurationList = D4DA79E414D3345A0055F672 /* Build configuration list for PBXProject "speakEasy" */;
			compatibilityVersion = "Xcode 3.2";
			developmentRegion = English;
			hasScannedForEncodings = 0;
			knownRegions = (
				en,
			);
			mainGroup = D4DA79DF14D3345A0055F672;
			productRefGroup = D4DA79EB14D3345A0055F672 /* Products */;
			projectDirPath = "";
			projectRoot = "";
			targets = (
				D4DA79E914D3345A0055F672 /* speakEasy */,
			);
		};
/* End PBXProject section */

/* Begin PBXResourcesBuildPhase section */
		D4DA79E814D3345A0055F672 /* Resources */ = {
			isa = PBXResourcesBuildPhase;
			buildActionMask = 2147483647;
			files = (
				1DB2E7B8192C8AB0004BE0DB /* TableHeaderView.xib in Resources */,
				1DB3FB431934277D006D54C2 /* InfoPlist.strings in Resources */,
				1DB2E7A5192C8A71004BE0DB /* Icon@2x.png in Resources */,
				1DB3FB3D19342366006D54C2 /* LoginViewController.xib in Resources */,
				1DB2E7A7192C8A71004BE0DB /* login-button-small-pressed@2x.png in Resources */,
				1DB2E7A9192C8A71004BE0DB /* login-button-small@2x.png in Resources */,
				1DB2E7A4192C8A71004BE0DB /* Icon.png in Resources */,
				1DB2E7B5192C8AB0004BE0DB /* Oceanic_Background_by_ka_chankitty.jpg in Resources */,
				1DB2E7B9192C8AB0004BE0DB /* userData.plist in Resources */,
				1DB3FB4B1934422F006D54C2 /* Default-568h@2x.png in Resources */,
				1DB2E7A6192C8A71004BE0DB /* login-button-small-pressed.png in Resources */,
				1DB3FB4C1934422F006D54C2 /* Default.png in Resources */,
				1DB3FB4D1934422F006D54C2 /* Default@2x.png in Resources */,
				1DB2E7A8192C8A71004BE0DB /* login-button-small.png in Resources */,
				1DB3FB4619342BAC006D54C2 /* Storyboard.storyboard in Resources */,
			);
			runOnlyForDeploymentPostprocessing = 0;
		};
/* End PBXResourcesBuildPhase section */

/* Begin PBXSourcesBuildPhase section */
		D4DA79E614D3345A0055F672 /* Sources */ = {
			isa = PBXSourcesBuildPhase;
			buildActionMask = 2147483647;
			files = (
				1DB2E74C192C76D0004BE0DB /* MPTextView.m in Sources */,
				1D0ECDC41928327D00DA13A4 /* User.m in Sources */,
				8FB70FDE192AEA3B00E8E18B /* MainViewController.m in Sources */,
				1D0ECDC31928327D00DA13A4 /* Message.m in Sources */,
				1D33C87F192B2D4100A187C4 /* Constants.m in Sources */,
				1DB8EA4F193308E3005A5243 /* FriendTableViewController.m in Sources */,
				8FA4D3C7192AA2B60015F443 /* MainTableViewController.m in Sources */,
				8FB70FDB192AE75300E8E18B /* PostStatusViewController.m in Sources */,
				1DB2E7B4192C8AB0004BE0DB /* main.m in Sources */,
				1DAFA8971933BA7E00256110 /* FriendPickerViewController.m in Sources */,
				1D376677192D574E0063EB9E /* SettingsViewController.m in Sources */,
				1DB3FB3C19342366006D54C2 /* LoginViewController.m in Sources */,
				1DB3FB4019342379006D54C2 /* AppDelegate.m in Sources */,
			);
			runOnlyForDeploymentPostprocessing = 0;
		};
/* End PBXSourcesBuildPhase section */

/* Begin PBXVariantGroup section */
		1DB3FB411934277D006D54C2 /* InfoPlist.strings */ = {
			isa = PBXVariantGroup;
			children = (
				1DB3FB421934277D006D54C2 /* en */,
			);
			name = InfoPlist.strings;
			sourceTree = "<group>";
		};
/* End PBXVariantGroup section */

/* Begin XCBuildConfiguration section */
		D4DA7A0014D3345A0055F672 /* Debug */ = {
			isa = XCBuildConfiguration;
			buildSettings = {
				ALWAYS_SEARCH_USER_PATHS = NO;
				CLANG_ENABLE_OBJC_ARC = YES;
				CLANG_WARN_BOOL_CONVERSION = YES;
				CLANG_WARN_CONSTANT_CONVERSION = YES;
				CLANG_WARN_EMPTY_BODY = YES;
				CLANG_WARN_ENUM_CONVERSION = YES;
				CLANG_WARN_INT_CONVERSION = YES;
				CLANG_WARN__DUPLICATE_METHOD_MATCH = YES;
				"CODE_SIGN_IDENTITY[sdk=iphoneos*]" = "iPhone Developer";
				COPY_PHASE_STRIP = NO;
				GCC_C_LANGUAGE_STANDARD = gnu99;
				GCC_DYNAMIC_NO_PIC = NO;
				GCC_OPTIMIZATION_LEVEL = 0;
				GCC_PREPROCESSOR_DEFINITIONS = (
					"DEBUG=1",
					"$(inherited)",
				);
				GCC_SYMBOLS_PRIVATE_EXTERN = NO;
				GCC_VERSION = com.apple.compilers.llvm.clang.1_0;
				GCC_WARN_64_TO_32_BIT_CONVERSION = YES;
				GCC_WARN_ABOUT_MISSING_PROTOTYPES = YES;
				GCC_WARN_ABOUT_RETURN_TYPE = YES;
				GCC_WARN_UNDECLARED_SELECTOR = YES;
				GCC_WARN_UNINITIALIZED_AUTOS = YES;
				GCC_WARN_UNUSED_FUNCTION = YES;
				GCC_WARN_UNUSED_VARIABLE = YES;
				IPHONEOS_DEPLOYMENT_TARGET = 7.0;
				ONLY_ACTIVE_ARCH = YES;
				SDKROOT = iphoneos;
			};
			name = Debug;
		};
		D4DA7A0114D3345A0055F672 /* Release */ = {
			isa = XCBuildConfiguration;
			buildSettings = {
				ALWAYS_SEARCH_USER_PATHS = NO;
				CLANG_ENABLE_OBJC_ARC = YES;
				CLANG_WARN_BOOL_CONVERSION = YES;
				CLANG_WARN_CONSTANT_CONVERSION = YES;
				CLANG_WARN_EMPTY_BODY = YES;
				CLANG_WARN_ENUM_CONVERSION = YES;
				CLANG_WARN_INT_CONVERSION = YES;
				CLANG_WARN__DUPLICATE_METHOD_MATCH = YES;
				"CODE_SIGN_IDENTITY[sdk=iphoneos*]" = "iPhone Developer";
				COPY_PHASE_STRIP = YES;
				GCC_C_LANGUAGE_STANDARD = gnu99;
				GCC_VERSION = com.apple.compilers.llvm.clang.1_0;
				GCC_WARN_64_TO_32_BIT_CONVERSION = YES;
				GCC_WARN_ABOUT_MISSING_PROTOTYPES = YES;
				GCC_WARN_ABOUT_RETURN_TYPE = YES;
				GCC_WARN_UNDECLARED_SELECTOR = YES;
				GCC_WARN_UNINITIALIZED_AUTOS = YES;
				GCC_WARN_UNUSED_FUNCTION = YES;
				GCC_WARN_UNUSED_VARIABLE = YES;
				IPHONEOS_DEPLOYMENT_TARGET = 7.0;
				OTHER_CFLAGS = "-DNS_BLOCK_ASSERTIONS=1";
				SDKROOT = iphoneos;
				VALIDATE_PRODUCT = YES;
			};
			name = Release;
		};
		D4DA7A0314D3345A0055F672 /* Debug */ = {
			isa = XCBuildConfiguration;
			buildSettings = {
				FRAMEWORK_SEARCH_PATHS = (
					"$(inherited)",
					"$(SRCROOT)",
					"$(PROJECT_DIR)",
					"$(PROJECT_DIR)/Frameworks",
				);
				GCC_PRECOMPILE_PREFIX_HEADER = YES;
				GCC_PREFIX_HEADER = "Application/speakEasy-Prefix.pch";
				INFOPLIST_FILE = "Application/speakEasy-Info.plist";
				OTHER_LDFLAGS = (
					"-lsqlite3.0",
					"-ObjC",
				);
				PRODUCT_NAME = speakEasy;
				WRAPPER_EXTENSION = app;
			};
			name = Debug;
		};
		D4DA7A0414D3345A0055F672 /* Release */ = {
			isa = XCBuildConfiguration;
			buildSettings = {
				FRAMEWORK_SEARCH_PATHS = (
					"$(inherited)",
					"$(SRCROOT)",
					"$(PROJECT_DIR)",
					"$(PROJECT_DIR)/Frameworks",
				);
				GCC_PRECOMPILE_PREFIX_HEADER = YES;
				GCC_PREFIX_HEADER = "Application/speakEasy-Prefix.pch";
				INFOPLIST_FILE = "Application/speakEasy-Info.plist";
				OTHER_LDFLAGS = (
					"-lsqlite3.0",
					"-ObjC",
				);
				PRODUCT_NAME = speakEasy;
				WRAPPER_EXTENSION = app;
			};
			name = Release;
		};
/* End XCBuildConfiguration section */

/* Begin XCConfigurationList section */
		D4DA79E414D3345A0055F672 /* Build configuration list for PBXProject "speakEasy" */ = {
			isa = XCConfigurationList;
			buildConfigurations = (
				D4DA7A0014D3345A0055F672 /* Debug */,
				D4DA7A0114D3345A0055F672 /* Release */,
			);
			defaultConfigurationIsVisible = 0;
			defaultConfigurationName = Release;
		};
		D4DA7A0214D3345A0055F672 /* Build configuration list for PBXNativeTarget "speakEasy" */ = {
			isa = XCConfigurationList;
			buildConfigurations = (
				D4DA7A0314D3345A0055F672 /* Debug */,
				D4DA7A0414D3345A0055F672 /* Release */,
			);
			defaultConfigurationIsVisible = 0;
			defaultConfigurationName = Release;
		};
/* End XCConfigurationList section */
	};
	rootObject = D4DA79E114D3345A0055F672 /* Project object */;
}
